
Microsoft Visual Studio Solution File, Format Version 12.00
# Visual Studio Version 16
VisualStudioVersion = 16.0.29102.190
MinimumVisualStudioVersion = 10.0.40219.1
Project("{FAE04EC0-301F-11D3-BF4B-00C04F79EFBC}") = "MiniMap", "MiniMap.csproj", "{94CD0AD1-FD58-40EA-B9C4-F12EC37A261A}"
EndProject
Global
	GlobalSection(SolutionConfigurationPlatforms) = preSolution
		Debug|Any CPU = Debug|Any CPU
		Release|Any CPU = Release|Any CPU
	EndGlobalSection
	GlobalSection(ProjectConfigurationPlatforms) = postSolution
		{94CD0AD1-FD58-40EA-B9C4-F12EC37A261A}.Debug|Any CPU.ActiveCfg = Debug|Any CPU
		{94CD0AD1-FD58-40EA-B9C4-F12EC37A261A}.Debug|Any CPU.Build.0 = Debug|Any CPU
		{94CD0AD1-FD58-40EA-B9C4-F12EC37A261A}.Release|Any CPU.ActiveCfg = Release|Any CPU
		{94CD0AD1-FD58-40EA-B9C4-F12EC37A261A}.Release|Any CPU.Build.0 = Release|Any CPU
	EndGlobalSection
	GlobalSection(SolutionProperties) = preSolution
		HideSolutionNode = FALSE
	EndGlobalSection
	GlobalSection(ExtensibilityGlobals) = postSolution
		SolutionGuid = {DCA1E2DD-0ECE-4515-B8B4-62E780C2D768}
	EndGlobalSection
EndGlobal
